
Microsoft Visual Studio Solution File, Format Version 12.00
# Visual Studio Version 16
VisualStudioVersion = 16.0.29806.167
MinimumVisualStudioVersion = 10.0.40219.1
Project("{2150E333-8FDC-42A3-9474-1A3956D46DE8}") = "1-Presentation", "1-Presentation", "{B02A371C-F6B3-4F6E-A1A6-74ABD3A58FB5}"
EndProject
Project("{2150E333-8FDC-42A3-9474-1A3956D46DE8}") = "2-Application", "2-Application", "{68A1D408-0B36-46CE-A80B-959F2379B72A}"
EndProject
Project("{2150E333-8FDC-42A3-9474-1A3956D46DE8}") = "3-Domain", "3-Domain", "{8CC1E247-FD7F-4A8C-B837-E01912769772}"
EndProject
Project("{2150E333-8FDC-42A3-9474-1A3956D46DE8}") = "4-Infra", "4-Infra", "{25166FBB-E3BB-4D04-8132-18EC1CE73597}"
EndProject
Project("{2150E333-8FDC-42A3-9474-1A3956D46DE8}") = "5-Entities", "5-Entities", "{1C783D26-66DE-452A-BFF1-E2E04DE39E4E}"
EndProject
Project("{9A19103F-16F7-4668-BE54-9A1E7A4F7556}") = "Entities", "Entities\Entities.csproj", "{10016C55-20E6-434B-B2C8-23CC0FEA9557}"
EndProject
Project("{FAE04EC0-301F-11D3-BF4B-00C04F79EFBC}") = "Domain", "Domain\Domain.csproj", "{B9687831-B835-415A-B2E3-F8213DC461FD}"
EndProject
Global
	GlobalSection(SolutionConfigurationPlatforms) = preSolution
		Debug|Any CPU = Debug|Any CPU
		Release|Any CPU = Release|Any CPU
	EndGlobalSection
	GlobalSection(ProjectConfigurationPlatforms) = postSolution
		{10016C55-20E6-434B-B2C8-23CC0FEA9557}.Debug|Any CPU.ActiveCfg = Debug|Any CPU
		{10016C55-20E6-434B-B2C8-23CC0FEA9557}.Debug|Any CPU.Build.0 = Debug|Any CPU
		{10016C55-20E6-434B-B2C8-23CC0FEA9557}.Release|Any CPU.ActiveCfg = Release|Any CPU
		{10016C55-20E6-434B-B2C8-23CC0FEA9557}.Release|Any CPU.Build.0 = Release|Any CPU
		{B9687831-B835-415A-B2E3-F8213DC461FD}.Debug|Any CPU.ActiveCfg = Debug|Any CPU
		{B9687831-B835-415A-B2E3-F8213DC461FD}.Debug|Any CPU.Build.0 = Debug|Any CPU
		{B9687831-B835-415A-B2E3-F8213DC461FD}.Release|Any CPU.ActiveCfg = Release|Any CPU
		{B9687831-B835-415A-B2E3-F8213DC461FD}.Release|Any CPU.Build.0 = Release|Any CPU
	EndGlobalSection
	GlobalSection(SolutionProperties) = preSolution
		HideSolutionNode = FALSE
	EndGlobalSection
	GlobalSection(NestedProjects) = preSolution
		{10016C55-20E6-434B-B2C8-23CC0FEA9557} = {1C783D26-66DE-452A-BFF1-E2E04DE39E4E}
		{B9687831-B835-415A-B2E3-F8213DC461FD} = {8CC1E247-FD7F-4A8C-B837-E01912769772}
	EndGlobalSection
	GlobalSection(ExtensibilityGlobals) = postSolution
		SolutionGuid = {9DAD89C1-D5FC-47DC-BC48-C55186F91F82}
	EndGlobalSection
EndGlobal
